
Microsoft Visual Studio Solution File, Format Version 12.00
# Visual Studio Version 17
VisualStudioVersion = 17.0.32002.185
MinimumVisualStudioVersion = 10.0.40219.1
Project("{FAE04EC0-301F-11D3-BF4B-00C04F79EFBC}") = "RssFeeder", "RssFeeder\RssFeeder.csproj", "{7ABD3889-5173-48E6-9605-309A3B5D2647}"
EndProject
Global
	GlobalSection(SolutionConfigurationPlatforms) = preSolution
		Debug|Any CPU = Debug|Any CPU
		Release|Any CPU = Release|Any CPU
	EndGlobalSection
	GlobalSection(ProjectConfigurationPlatforms) = postSolution
		{7ABD3889-5173-48E6-9605-309A3B5D2647}.Debug|Any CPU.ActiveCfg = Debug|Any CPU
		{7ABD3889-5173-48E6-9605-309A3B5D2647}.Debug|Any CPU.Build.0 = Debug|Any CPU
		{7ABD3889-5173-48E6-9605-309A3B5D2647}.Release|Any CPU.ActiveCfg = Release|Any CPU
		{7ABD3889-5173-48E6-9605-309A3B5D2647}.Release|Any CPU.Build.0 = Release|Any CPU
	EndGlobalSection
	GlobalSection(SolutionProperties) = preSolution
		HideSolutionNode = FALSE
	EndGlobalSection
	GlobalSection(ExtensibilityGlobals) = postSolution
		SolutionGuid = {48E1F1D5-C994-4502-8314-960B1F330553}
	EndGlobalSection
EndGlobal
